{
  "name": "iqjfe",
  "version": "1.0.0",
  "lockfileVersion": 1,
  "requires": true,
  "dependencies": {
    "axios": {
      "version": "0.18.0",
      "resolved": "http://npm.iqianjin.com/axios/-/axios-0.18.0.tgz",
      "integrity": "sha1-MtU+SFHv3AoRmTts0AB4nXDAUQI=",
      "requires": {
        "follow-redirects": "^1.3.0",
        "is-buffer": "^1.1.5"
      }
    },
    "debug": {
      "version": "3.1.0",
      "resolved": "http://npm.iqianjin.com/debug/-/debug-3.1.0.tgz",
      "integrity": "sha1-W7WgZyYotkFJVmuhaBnmFRjGcmE=",
      "requires": {
        "ms": "2.0.0"
      }
    },
    "follow-redirects": {
      "version": "1.6.1",
      "resolved": "http://npm.iqianjin.com/follow-redirects/-/follow-redirects-1.6.1.tgz",
      "integrity": "sha1-UUlzxEtXVzaLrYvd/lL4HwFclMs=",
      "requires": {
        "debug": "=3.1.0"
      }
    },
    "is-buffer": {
      "version": "1.1.6",
      "resolved": "http://npm.iqianjin.com/is-buffer/-/is-buffer-1.1.6.tgz",
      "integrity": "sha1-76ouqdqg16suoTqXsritUf776L4="
    },
    "ms": {
      "version": "2.0.0",
      "resolved": "http://npm.iqianjin.com/ms/-/ms-2.0.0.tgz",
      "integrity": "sha1-VgiurfwAvmwpAd9fmGF4jeDVl8g="
    },
    "tinify": {
      "version": "1.6.0-beta.2",
      "resolved": "http://registry.npm.taobao.org/tinify/download/tinify-1.6.0-beta.2.tgz",
      "requires": {
        "promise-nodeify": ">= 0.1",
        "proxying-agent": ">= 2.1"
      },
      "dependencies": {
        "promise-nodeify": {
          "version": "3.0.1",
          "resolved": "http://registry.npm.taobao.org/promise-nodeify/download/promise-nodeify-3.0.1.tgz"
        },
        "proxying-agent": {
          "version": "2.2.4",
          "resolved": "http://registry.npm.taobao.org/proxying-agent/download/proxying-agent-2.2.4.tgz"
        }
      }
    }
  }
}
